
Microsoft Visual Studio Solution File, Format Version 11.00
# Visual Studio 2010
Project("{FAE04EC0-301F-11D3-BF4B-00C04F79EFBC}") = "Core", "Core\Core.csproj", "{4D7D13BA-4CD1-43B8-8C17-939BEAD0711B}"
EndProject
Project("{2150E333-8FDC-42A3-9474-1A3956D46DE8}") = "Common", "Common", "{3FFDC944-732F-43FA-A684-38B3D2B3C754}"
	ProjectSection(SolutionItems) = preProject
		AssemblyVersionInfo.cs = AssemblyVersionInfo.cs
		SharedAssemblyInfo.cs = SharedAssemblyInfo.cs
	EndProjectSection
EndProject
Project("{FAE04EC0-301F-11D3-BF4B-00C04F79EFBC}") = "Core.Tests", "Core.Tests\Core.Tests.csproj", "{94B41939-860F-4483-A789-A11720518D3C}"
EndProject
Global
	GlobalSection(SolutionConfigurationPlatforms) = preSolution
		Debug|Any CPU = Debug|Any CPU
		Release|Any CPU = Release|Any CPU
	EndGlobalSection
	GlobalSection(ProjectConfigurationPlatforms) = postSolution
		{4D7D13BA-4CD1-43B8-8C17-939BEAD0711B}.Debug|Any CPU.ActiveCfg = Debug|Any CPU
		{4D7D13BA-4CD1-43B8-8C17-939BEAD0711B}.Debug|Any CPU.Build.0 = Debug|Any CPU
		{4D7D13BA-4CD1-43B8-8C17-939BEAD0711B}.Release|Any CPU.ActiveCfg = Release|Any CPU
		{4D7D13BA-4CD1-43B8-8C17-939BEAD0711B}.Release|Any CPU.Build.0 = Release|Any CPU
		{94B41939-860F-4483-A789-A11720518D3C}.Debug|Any CPU.ActiveCfg = Debug|Any CPU
		{94B41939-860F-4483-A789-A11720518D3C}.Debug|Any CPU.Build.0 = Debug|Any CPU
		{94B41939-860F-4483-A789-A11720518D3C}.Release|Any CPU.ActiveCfg = Release|Any CPU
		{94B41939-860F-4483-A789-A11720518D3C}.Release|Any CPU.Build.0 = Release|Any CPU
	EndGlobalSection
	GlobalSection(SolutionProperties) = preSolution
		HideSolutionNode = FALSE
	EndGlobalSection
EndGlobal
